
Microsoft Visual Studio Solution File, Format Version 12.00
# Visual Studio 14
VisualStudioVersion = 14.0.25420.1
MinimumVisualStudioVersion = 10.0.40219.1
Project("{FAE04EC0-301F-11D3-BF4B-00C04F79EFBC}") = "OsherEx", "OsherEx\OsherEx.csproj", "{64A5DF01-2654-452D-8A56-F2C2D3198910}"
EndProject
Project("{FAE04EC0-301F-11D3-BF4B-00C04F79EFBC}") = "OsherEx.DAL", "OsherEx.DAL\OsherEx.DAL.csproj", "{F107EFB2-1524-4599-BBDF-63A3B9697944}"
EndProject
Global
	GlobalSection(SolutionConfigurationPlatforms) = preSolution
		Debug|Any CPU = Debug|Any CPU
		Release|Any CPU = Release|Any CPU
	EndGlobalSection
	GlobalSection(ProjectConfigurationPlatforms) = postSolution
		{64A5DF01-2654-452D-8A56-F2C2D3198910}.Debug|Any CPU.ActiveCfg = Debug|Any CPU
		{64A5DF01-2654-452D-8A56-F2C2D3198910}.Debug|Any CPU.Build.0 = Debug|Any CPU
		{64A5DF01-2654-452D-8A56-F2C2D3198910}.Release|Any CPU.ActiveCfg = Release|Any CPU
		{64A5DF01-2654-452D-8A56-F2C2D3198910}.Release|Any CPU.Build.0 = Release|Any CPU
		{F107EFB2-1524-4599-BBDF-63A3B9697944}.Debug|Any CPU.ActiveCfg = Debug|Any CPU
		{F107EFB2-1524-4599-BBDF-63A3B9697944}.Debug|Any CPU.Build.0 = Debug|Any CPU
		{F107EFB2-1524-4599-BBDF-63A3B9697944}.Release|Any CPU.ActiveCfg = Release|Any CPU
		{F107EFB2-1524-4599-BBDF-63A3B9697944}.Release|Any CPU.Build.0 = Release|Any CPU
	EndGlobalSection
	GlobalSection(SolutionProperties) = preSolution
		HideSolutionNode = FALSE
	EndGlobalSection
EndGlobal
